Microsoft Visual Studio Solution File, Format Version 12.00
# Visual Studio Version 17
VisualStudioVersion = 17.5.2.0
MinimumVisualStudioVersion = 10.0.40219.1
Project("{FAE04EC0-301F-11D3-BF4B-00C04F79EFBC}") = "SCAN_Prekes", "SCAN_Prekes.csproj", "{758E2CA0-6093-3332-5EA5-67EB8EA985EE}"
EndProject
Global
	GlobalSection(SolutionConfigurationPlatforms) = preSolution
		Debug|Any CPU = Debug|Any CPU
		Release|Any CPU = Release|Any CPU
	EndGlobalSection
	GlobalSection(ProjectConfigurationPlatforms) = postSolution
		{758E2CA0-6093-3332-5EA5-67EB8EA985EE}.Debug|Any CPU.ActiveCfg = Debug|Any CPU
		{758E2CA0-6093-3332-5EA5-67EB8EA985EE}.Debug|Any CPU.Build.0 = Debug|Any CPU
		{758E2CA0-6093-3332-5EA5-67EB8EA985EE}.Release|Any CPU.ActiveCfg = Release|Any CPU
		{758E2CA0-6093-3332-5EA5-67EB8EA985EE}.Release|Any CPU.Build.0 = Release|Any CPU
	EndGlobalSection
	GlobalSection(SolutionProperties) = preSolution
		HideSolutionNode = FALSE
	EndGlobalSection
	GlobalSection(ExtensibilityGlobals) = postSolution
		SolutionGuid = {B55CCDD3-D716-49EA-A768-B22330D5391D}
	EndGlobalSection
EndGlobal
